
Microsoft Visual Studio Solution File, Format Version 12.00
# Visual Studio Version 16
VisualStudioVersion = 16.0.810.14
MinimumVisualStudioVersion = 10.0.40219.1
Project("{FAE04EC0-301F-11D3-BF4B-00C04F79EFBC}") = "1", "1\1.csproj", "{F8BB2174-AB17-42A4-9C69-47AEBC43B076}"
EndProject
Global
	GlobalSection(SolutionConfigurationPlatforms) = preSolution
		Debug|Any CPU = Debug|Any CPU
		Release|Any CPU = Release|Any CPU
	EndGlobalSection
	GlobalSection(ProjectConfigurationPlatforms) = postSolution
		{F8BB2174-AB17-42A4-9C69-47AEBC43B076}.Debug|Any CPU.ActiveCfg = Debug|Any CPU
		{F8BB2174-AB17-42A4-9C69-47AEBC43B076}.Debug|Any CPU.Build.0 = Debug|Any CPU
		{F8BB2174-AB17-42A4-9C69-47AEBC43B076}.Release|Any CPU.ActiveCfg = Release|Any CPU
		{F8BB2174-AB17-42A4-9C69-47AEBC43B076}.Release|Any CPU.Build.0 = Release|Any CPU
	EndGlobalSection
	GlobalSection(SolutionProperties) = preSolution
		HideSolutionNode = FALSE
	EndGlobalSection
	GlobalSection(ExtensibilityGlobals) = postSolution
		SolutionGuid = {7B3E54B5-2DE7-4F59-8619-C0CD0AF2488B}
	EndGlobalSection
EndGlobal
